
Microsoft Visual Studio Solution File, Format Version 12.00
# Visual Studio Version 17
VisualStudioVersion = 17.11.35208.52
MinimumVisualStudioVersion = 10.0.40219.1
Project("{FAE04EC0-301F-11D3-BF4B-00C04F79EFBC}") = "Vistainn", "Vistainn.csproj", "{F13C96F2-C165-4CFB-B0E3-1AED683BBFA9}"
EndProject
Global
	GlobalSection(SolutionConfigurationPlatforms) = preSolution
		Debug|Any CPU = Debug|Any CPU
		Release|Any CPU = Release|Any CPU
	EndGlobalSection
	GlobalSection(ProjectConfigurationPlatforms) = postSolution
		{F13C96F2-C165-4CFB-B0E3-1AED683BBFA9}.Debug|Any CPU.ActiveCfg = Debug|Any CPU
		{F13C96F2-C165-4CFB-B0E3-1AED683BBFA9}.Debug|Any CPU.Build.0 = Debug|Any CPU
		{F13C96F2-C165-4CFB-B0E3-1AED683BBFA9}.Release|Any CPU.ActiveCfg = Release|Any CPU
		{F13C96F2-C165-4CFB-B0E3-1AED683BBFA9}.Release|Any CPU.Build.0 = Release|Any CPU
	EndGlobalSection
	GlobalSection(SolutionProperties) = preSolution
		HideSolutionNode = FALSE
	EndGlobalSection
	GlobalSection(ExtensibilityGlobals) = postSolution
		SolutionGuid = {D25F0614-5A0D-462D-9825-B603EA7E3986}
	EndGlobalSection
EndGlobal
